
Microsoft Visual Studio Solution File, Format Version 12.00
# Visual Studio Version 17
VisualStudioVersion = 17.0.31903.59
MinimumVisualStudioVersion = 10.0.40219.1
Project("{2150E333-8FDC-42A3-9474-1A3956D46DE8}") = "01-prompt-chaining", "01-prompt-chaining", "{520CABE7-5888-945F-514A-01490C34ACA3}"
EndProject
Project("{2150E333-8FDC-42A3-9474-1A3956D46DE8}") = "src", "src", "{54BE900F-F798-2FE4-F167-3AA19F690F6A}"
EndProject
Project("{FAE04EC0-301F-11D3-BF4B-00C04F79EFBC}") = "PromptChaining", "01-prompt-chaining\src\PromptChaining\PromptChaining.csproj", "{8FD62413-F655-4C89-9254-C98608E29784}"
EndProject
Project("{2150E333-8FDC-42A3-9474-1A3956D46DE8}") = "src", "src", "{827E0CD3-B72D-47B6-A68D-7590B98EB39B}"
EndProject
Project("{FAE04EC0-301F-11D3-BF4B-00C04F79EFBC}") = "DotNetAgents.Infrastructure", "src\DotNetAgents.Infrastructure\DotNetAgents.Infrastructure.csproj", "{6254DD90-0F0B-4251-BBA1-FCCDEFB23B11}"
EndProject
Project("{FAE04EC0-301F-11D3-BF4B-00C04F79EFBC}") = "DotNetAgents.BenchmarkLlm", "src\DotNetAgents.BenchmarkLlm\DotNetAgents.BenchmarkLlm.csproj", "{F73ED9B8-C4BD-4DB8-9218-81E9DE2965C4}"
EndProject
Project("{2150E333-8FDC-42A3-9474-1A3956D46DE8}") = "02-tool-use", "02-tool-use", "{962222DF-49CD-1400-C382-58CF9C2D7908}"
EndProject
Project("{2150E333-8FDC-42A3-9474-1A3956D46DE8}") = "src", "src", "{05B885F1-1858-4C8D-E8C1-CE030A82A42A}"
EndProject
Project("{FAE04EC0-301F-11D3-BF4B-00C04F79EFBC}") = "ToolUse", "02-tool-use\src\ToolUse\ToolUse.csproj", "{570832B6-72C7-4D50-BDAD-C5106C59B4E2}"
EndProject
Project("{2150E333-8FDC-42A3-9474-1A3956D46DE8}") = "03-routing", "03-routing", "{AC81C65F-B03F-2656-896E-8F73DB29E787}"
EndProject
Project("{2150E333-8FDC-42A3-9474-1A3956D46DE8}") = "src", "src", "{09BB445F-74B5-F05D-C89E-DF1DAE7E1A8D}"
EndProject
Project("{FAE04EC0-301F-11D3-BF4B-00C04F79EFBC}") = "Routing", "03-routing\src\Routing\Routing.csproj", "{9945D287-FA27-4FD1-9FBB-DA9445498A75}"
EndProject
Project("{2150E333-8FDC-42A3-9474-1A3956D46DE8}") = "04-model-context-protocol", "04-model-context-protocol", "{ADD996A5-6F06-5F50-2F84-F790E17FC918}"
EndProject
Project("{2150E333-8FDC-42A3-9474-1A3956D46DE8}") = "src", "src", "{30F7870D-5CED-1FA7-72B0-9AE845E9E380}"
EndProject
Project("{FAE04EC0-301F-11D3-BF4B-00C04F79EFBC}") = "McpCalculatorServer", "04-model-context-protocol\src\McpCalculatorServer\McpCalculatorServer.csproj", "{1AB49C9D-5BFA-4A36-9FAC-7AEA936BE1DB}"
EndProject
Project("{FAE04EC0-301F-11D3-BF4B-00C04F79EFBC}") = "McpPattern", "04-model-context-protocol\src\McpPattern\McpPattern.csproj", "{77BA344C-3899-4CF1-BC97-78986DD48752}"
EndProject
Project("{2150E333-8FDC-42A3-9474-1A3956D46DE8}") = "05-parallelization", "05-parallelization", "{D5B97244-7E5B-541D-E94C-FB27491D2F09}"
EndProject
Project("{2150E333-8FDC-42A3-9474-1A3956D46DE8}") = "src", "src", "{D0ED3746-0E2F-E883-E396-5B4C5DFAD217}"
EndProject
Project("{FAE04EC0-301F-11D3-BF4B-00C04F79EFBC}") = "Parallelization", "05-parallelization\src\Parallelization\Parallelization.csproj", "{069C4719-0925-4370-888A-42A4EA0C61DD}"
EndProject
Global
	GlobalSection(SolutionConfigurationPlatforms) = preSolution
		Debug|Any CPU = Debug|Any CPU
		Debug|x64 = Debug|x64
		Debug|x86 = Debug|x86
		Release|Any CPU = Release|Any CPU
		Release|x64 = Release|x64
		Release|x86 = Release|x86
	EndGlobalSection
	GlobalSection(ProjectConfigurationPlatforms) = postSolution
		{8FD62413-F655-4C89-9254-C98608E29784}.Debug|Any CPU.ActiveCfg = Debug|Any CPU
		{8FD62413-F655-4C89-9254-C98608E29784}.Debug|Any CPU.Build.0 = Debug|Any CPU
		{8FD62413-F655-4C89-9254-C98608E29784}.Debug|x64.ActiveCfg = Debug|Any CPU
		{8FD62413-F655-4C89-9254-C98608E29784}.Debug|x64.Build.0 = Debug|Any CPU
		{8FD62413-F655-4C89-9254-C98608E29784}.Debug|x86.ActiveCfg = Debug|Any CPU
		{8FD62413-F655-4C89-9254-C98608E29784}.Debug|x86.Build.0 = Debug|Any CPU
		{8FD62413-F655-4C89-9254-C98608E29784}.Release|Any CPU.ActiveCfg = Release|Any CPU
		{8FD62413-F655-4C89-9254-C98608E29784}.Release|Any CPU.Build.0 = Release|Any CPU
		{8FD62413-F655-4C89-9254-C98608E29784}.Release|x64.ActiveCfg = Release|Any CPU
		{8FD62413-F655-4C89-9254-C98608E29784}.Release|x64.Build.0 = Release|Any CPU
		{8FD62413-F655-4C89-9254-C98608E29784}.Release|x86.ActiveCfg = Release|Any CPU
		{8FD62413-F655-4C89-9254-C98608E29784}.Release|x86.Build.0 = Release|Any CPU
		{6254DD90-0F0B-4251-BBA1-FCCDEFB23B11}.Debug|Any CPU.ActiveCfg = Debug|Any CPU
		{6254DD90-0F0B-4251-BBA1-FCCDEFB23B11}.Debug|Any CPU.Build.0 = Debug|Any CPU
		{6254DD90-0F0B-4251-BBA1-FCCDEFB23B11}.Debug|x64.ActiveCfg = Debug|Any CPU
		{6254DD90-0F0B-4251-BBA1-FCCDEFB23B11}.Debug|x64.Build.0 = Debug|Any CPU
		{6254DD90-0F0B-4251-BBA1-FCCDEFB23B11}.Debug|x86.ActiveCfg = Debug|Any CPU
		{6254DD90-0F0B-4251-BBA1-FCCDEFB23B11}.Debug|x86.Build.0 = Debug|Any CPU
		{6254DD90-0F0B-4251-BBA1-FCCDEFB23B11}.Release|Any CPU.ActiveCfg = Release|Any CPU
		{6254DD90-0F0B-4251-BBA1-FCCDEFB23B11}.Release|Any CPU.Build.0 = Release|Any CPU
		{6254DD90-0F0B-4251-BBA1-FCCDEFB23B11}.Release|x64.ActiveCfg = Release|Any CPU
		{6254DD90-0F0B-4251-BBA1-FCCDEFB23B11}.Release|x64.Build.0 = Release|Any CPU
		{6254DD90-0F0B-4251-BBA1-FCCDEFB23B11}.Release|x86.ActiveCfg = Release|Any CPU
		{6254DD90-0F0B-4251-BBA1-FCCDEFB23B11}.Release|x86.Build.0 = Release|Any CPU
		{F73ED9B8-C4BD-4DB8-9218-81E9DE2965C4}.Debug|Any CPU.ActiveCfg = Debug|Any CPU
		{F73ED9B8-C4BD-4DB8-9218-81E9DE2965C4}.Debug|Any CPU.Build.0 = Debug|Any CPU
		{F73ED9B8-C4BD-4DB8-9218-81E9DE2965C4}.Debug|x64.ActiveCfg = Debug|Any CPU
		{F73ED9B8-C4BD-4DB8-9218-81E9DE2965C4}.Debug|x64.Build.0 = Debug|Any CPU
		{F73ED9B8-C4BD-4DB8-9218-81E9DE2965C4}.Debug|x86.ActiveCfg = Debug|Any CPU
		{F73ED9B8-C4BD-4DB8-9218-81E9DE2965C4}.Debug|x86.Build.0 = Debug|Any CPU
		{F73ED9B8-C4BD-4DB8-9218-81E9DE2965C4}.Release|Any CPU.ActiveCfg = Release|Any CPU
		{F73ED9B8-C4BD-4DB8-9218-81E9DE2965C4}.Release|Any CPU.Build.0 = Release|Any CPU
		{F73ED9B8-C4BD-4DB8-9218-81E9DE2965C4}.Release|x64.ActiveCfg = Release|Any CPU
		{F73ED9B8-C4BD-4DB8-9218-81E9DE2965C4}.Release|x64.Build.0 = Release|Any CPU
		{F73ED9B8-C4BD-4DB8-9218-81E9DE2965C4}.Release|x86.ActiveCfg = Release|Any CPU
		{F73ED9B8-C4BD-4DB8-9218-81E9DE2965C4}.Release|x86.Build.0 = Release|Any CPU
		{570832B6-72C7-4D50-BDAD-C5106C59B4E2}.Debug|Any CPU.ActiveCfg = Debug|Any CPU
		{570832B6-72C7-4D50-BDAD-C5106C59B4E2}.Debug|Any CPU.Build.0 = Debug|Any CPU
		{570832B6-72C7-4D50-BDAD-C5106C59B4E2}.Debug|x64.ActiveCfg = Debug|Any CPU
		{570832B6-72C7-4D50-BDAD-C5106C59B4E2}.Debug|x64.Build.0 = Debug|Any CPU
		{570832B6-72C7-4D50-BDAD-C5106C59B4E2}.Debug|x86.ActiveCfg = Debug|Any CPU
		{570832B6-72C7-4D50-BDAD-C5106C59B4E2}.Debug|x86.Build.0 = Debug|Any CPU
		{570832B6-72C7-4D50-BDAD-C5106C59B4E2}.Release|Any CPU.ActiveCfg = Release|Any CPU
		{570832B6-72C7-4D50-BDAD-C5106C59B4E2}.Release|Any CPU.Build.0 = Release|Any CPU
		{570832B6-72C7-4D50-BDAD-C5106C59B4E2}.Release|x64.ActiveCfg = Release|Any CPU
		{570832B6-72C7-4D50-BDAD-C5106C59B4E2}.Release|x64.Build.0 = Release|Any CPU
		{570832B6-72C7-4D50-BDAD-C5106C59B4E2}.Release|x86.ActiveCfg = Release|Any CPU
		{570832B6-72C7-4D50-BDAD-C5106C59B4E2}.Release|x86.Build.0 = Release|Any CPU
		{9945D287-FA27-4FD1-9FBB-DA9445498A75}.Debug|Any CPU.ActiveCfg = Debug|Any CPU
		{9945D287-FA27-4FD1-9FBB-DA9445498A75}.Debug|Any CPU.Build.0 = Debug|Any CPU
		{9945D287-FA27-4FD1-9FBB-DA9445498A75}.Debug|x64.ActiveCfg = Debug|Any CPU
		{9945D287-FA27-4FD1-9FBB-DA9445498A75}.Debug|x64.Build.0 = Debug|Any CPU
		{9945D287-FA27-4FD1-9FBB-DA9445498A75}.Debug|x86.ActiveCfg = Debug|Any CPU
		{9945D287-FA27-4FD1-9FBB-DA9445498A75}.Debug|x86.Build.0 = Debug|Any CPU
		{9945D287-FA27-4FD1-9FBB-DA9445498A75}.Release|Any CPU.ActiveCfg = Release|Any CPU
		{9945D287-FA27-4FD1-9FBB-DA9445498A75}.Release|Any CPU.Build.0 = Release|Any CPU
		{9945D287-FA27-4FD1-9FBB-DA9445498A75}.Release|x64.ActiveCfg = Release|Any CPU
		{9945D287-FA27-4FD1-9FBB-DA9445498A75}.Release|x64.Build.0 = Release|Any CPU
		{9945D287-FA27-4FD1-9FBB-DA9445498A75}.Release|x86.ActiveCfg = Release|Any CPU
		{9945D287-FA27-4FD1-9FBB-DA9445498A75}.Release|x86.Build.0 = Release|Any CPU
		{1AB49C9D-5BFA-4A36-9FAC-7AEA936BE1DB}.Debug|Any CPU.ActiveCfg = Debug|Any CPU
		{1AB49C9D-5BFA-4A36-9FAC-7AEA936BE1DB}.Debug|Any CPU.Build.0 = Debug|Any CPU
		{1AB49C9D-5BFA-4A36-9FAC-7AEA936BE1DB}.Debug|x64.ActiveCfg = Debug|Any CPU
		{1AB49C9D-5BFA-4A36-9FAC-7AEA936BE1DB}.Debug|x64.Build.0 = Debug|Any CPU
		{1AB49C9D-5BFA-4A36-9FAC-7AEA936BE1DB}.Debug|x86.ActiveCfg = Debug|Any CPU
		{1AB49C9D-5BFA-4A36-9FAC-7AEA936BE1DB}.Debug|x86.Build.0 = Debug|Any CPU
		{1AB49C9D-5BFA-4A36-9FAC-7AEA936BE1DB}.Release|Any CPU.ActiveCfg = Release|Any CPU
		{1AB49C9D-5BFA-4A36-9FAC-7AEA936BE1DB}.Release|Any CPU.Build.0 = Release|Any CPU
		{1AB49C9D-5BFA-4A36-9FAC-7AEA936BE1DB}.Release|x64.ActiveCfg = Release|Any CPU
		{1AB49C9D-5BFA-4A36-9FAC-7AEA936BE1DB}.Release|x64.Build.0 = Release|Any CPU
		{1AB49C9D-5BFA-4A36-9FAC-7AEA936BE1DB}.Release|x86.ActiveCfg = Release|Any CPU
		{1AB49C9D-5BFA-4A36-9FAC-7AEA936BE1DB}.Release|x86.Build.0 = Release|Any CPU
		{77BA344C-3899-4CF1-BC97-78986DD48752}.Debug|Any CPU.ActiveCfg = Debug|Any CPU
		{77BA344C-3899-4CF1-BC97-78986DD48752}.Debug|Any CPU.Build.0 = Debug|Any CPU
		{77BA344C-3899-4CF1-BC97-78986DD48752}.Debug|x64.ActiveCfg = Debug|Any CPU
		{77BA344C-3899-4CF1-BC97-78986DD48752}.Debug|x64.Build.0 = Debug|Any CPU
		{77BA344C-3899-4CF1-BC97-78986DD48752}.Debug|x86.ActiveCfg = Debug|Any CPU
		{77BA344C-3899-4CF1-BC97-78986DD48752}.Debug|x86.Build.0 = Debug|Any CPU
		{77BA344C-3899-4CF1-BC97-78986DD48752}.Release|Any CPU.ActiveCfg = Release|Any CPU
		{77BA344C-3899-4CF1-BC97-78986DD48752}.Release|Any CPU.Build.0 = Release|Any CPU
		{77BA344C-3899-4CF1-BC97-78986DD48752}.Release|x64.ActiveCfg = Release|Any CPU
		{77BA344C-3899-4CF1-BC97-78986DD48752}.Release|x64.Build.0 = Release|Any CPU
		{77BA344C-3899-4CF1-BC97-78986DD48752}.Release|x86.ActiveCfg = Release|Any CPU
		{77BA344C-3899-4CF1-BC97-78986DD48752}.Release|x86.Build.0 = Release|Any CPU
		{069C4719-0925-4370-888A-42A4EA0C61DD}.Debug|Any CPU.ActiveCfg = Debug|Any CPU
		{069C4719-0925-4370-888A-42A4EA0C61DD}.Debug|Any CPU.Build.0 = Debug|Any CPU
		{069C4719-0925-4370-888A-42A4EA0C61DD}.Debug|x64.ActiveCfg = Debug|Any CPU
		{069C4719-0925-4370-888A-42A4EA0C61DD}.Debug|x64.Build.0 = Debug|Any CPU
		{069C4719-0925-4370-888A-42A4EA0C61DD}.Debug|x86.ActiveCfg = Debug|Any CPU
		{069C4719-0925-4370-888A-42A4EA0C61DD}.Debug|x86.Build.0 = Debug|Any CPU
		{069C4719-0925-4370-888A-42A4EA0C61DD}.Release|Any CPU.ActiveCfg = Release|Any CPU
		{069C4719-0925-4370-888A-42A4EA0C61DD}.Release|Any CPU.Build.0 = Release|Any CPU
		{069C4719-0925-4370-888A-42A4EA0C61DD}.Release|x64.ActiveCfg = Release|Any CPU
		{069C4719-0925-4370-888A-42A4EA0C61DD}.Release|x64.Build.0 = Release|Any CPU
		{069C4719-0925-4370-888A-42A4EA0C61DD}.Release|x86.ActiveCfg = Release|Any CPU
		{069C4719-0925-4370-888A-42A4EA0C61DD}.Release|x86.Build.0 = Release|Any CPU
	EndGlobalSection
	GlobalSection(SolutionProperties) = preSolution
		HideSolutionNode = FALSE
	EndGlobalSection
	GlobalSection(NestedProjects) = preSolution
		{54BE900F-F798-2FE4-F167-3AA19F690F6A} = {520CABE7-5888-945F-514A-01490C34ACA3}
		{8FD62413-F655-4C89-9254-C98608E29784} = {54BE900F-F798-2FE4-F167-3AA19F690F6A}
		{6254DD90-0F0B-4251-BBA1-FCCDEFB23B11} = {827E0CD3-B72D-47B6-A68D-7590B98EB39B}
		{F73ED9B8-C4BD-4DB8-9218-81E9DE2965C4} = {827E0CD3-B72D-47B6-A68D-7590B98EB39B}
		{05B885F1-1858-4C8D-E8C1-CE030A82A42A} = {962222DF-49CD-1400-C382-58CF9C2D7908}
		{570832B6-72C7-4D50-BDAD-C5106C59B4E2} = {05B885F1-1858-4C8D-E8C1-CE030A82A42A}
		{09BB445F-74B5-F05D-C89E-DF1DAE7E1A8D} = {AC81C65F-B03F-2656-896E-8F73DB29E787}
		{9945D287-FA27-4FD1-9FBB-DA9445498A75} = {09BB445F-74B5-F05D-C89E-DF1DAE7E1A8D}
		{30F7870D-5CED-1FA7-72B0-9AE845E9E380} = {ADD996A5-6F06-5F50-2F84-F790E17FC918}
		{1AB49C9D-5BFA-4A36-9FAC-7AEA936BE1DB} = {30F7870D-5CED-1FA7-72B0-9AE845E9E380}
		{77BA344C-3899-4CF1-BC97-78986DD48752} = {30F7870D-5CED-1FA7-72B0-9AE845E9E380}
		{D0ED3746-0E2F-E883-E396-5B4C5DFAD217} = {D5B97244-7E5B-541D-E94C-FB27491D2F09}
		{069C4719-0925-4370-888A-42A4EA0C61DD} = {D0ED3746-0E2F-E883-E396-5B4C5DFAD217}
	EndGlobalSection
EndGlobal
